
Microsoft Visual Studio Solution File, Format Version 12.00
# Visual Studio 15
VisualStudioVersion = 15.0.27703.2047
MinimumVisualStudioVersion = 10.0.40219.1
Project("{2150E333-8FDC-42A3-9474-1A3956D46DE8}") = "Notlar", "Notlar", "{3FDE7BA7-0DCA-4AF9-82E3-0E6BCA50CB12}"
EndProject
Project("{FAE04EC0-301F-11D3-BF4B-00C04F79EFBC}") = "WebApiProjesi", "WebApiProjesi\WebApiProjesi.csproj", "{5C6E6A2D-411F-449C-8776-D86D15DAB04C}"
EndProject
Project("{FAE04EC0-301F-11D3-BF4B-00C04F79EFBC}") = "WebApiCrud-2", "WebApiCrud-2\WebApiCrud-2.csproj", "{EFADCA1E-45B3-4E52-B7D3-2AFF804E4947}"
EndProject
Global
	GlobalSection(SolutionConfigurationPlatforms) = preSolution
		Debug|Any CPU = Debug|Any CPU
		Release|Any CPU = Release|Any CPU
	EndGlobalSection
	GlobalSection(ProjectConfigurationPlatforms) = postSolution
		{5C6E6A2D-411F-449C-8776-D86D15DAB04C}.Debug|Any CPU.ActiveCfg = Debug|Any CPU
		{5C6E6A2D-411F-449C-8776-D86D15DAB04C}.Debug|Any CPU.Build.0 = Debug|Any CPU
		{5C6E6A2D-411F-449C-8776-D86D15DAB04C}.Release|Any CPU.ActiveCfg = Release|Any CPU
		{5C6E6A2D-411F-449C-8776-D86D15DAB04C}.Release|Any CPU.Build.0 = Release|Any CPU
		{EFADCA1E-45B3-4E52-B7D3-2AFF804E4947}.Debug|Any CPU.ActiveCfg = Debug|Any CPU
		{EFADCA1E-45B3-4E52-B7D3-2AFF804E4947}.Debug|Any CPU.Build.0 = Debug|Any CPU
		{EFADCA1E-45B3-4E52-B7D3-2AFF804E4947}.Release|Any CPU.ActiveCfg = Release|Any CPU
		{EFADCA1E-45B3-4E52-B7D3-2AFF804E4947}.Release|Any CPU.Build.0 = Release|Any CPU
	EndGlobalSection
	GlobalSection(SolutionProperties) = preSolution
		HideSolutionNode = FALSE
	EndGlobalSection
	GlobalSection(NestedProjects) = preSolution
		{5C6E6A2D-411F-449C-8776-D86D15DAB04C} = {3FDE7BA7-0DCA-4AF9-82E3-0E6BCA50CB12}
		{EFADCA1E-45B3-4E52-B7D3-2AFF804E4947} = {3FDE7BA7-0DCA-4AF9-82E3-0E6BCA50CB12}
	EndGlobalSection
	GlobalSection(ExtensibilityGlobals) = postSolution
		SolutionGuid = {CF2743DF-F605-4931-9CDA-8EF2C357A44F}
	EndGlobalSection
EndGlobal
